// !$*UTF8*$!
{
	archiveVersion = 1;
	classes = {
	};
	objectVersion = 46;
	objects = {

/* Begin PBXBuildFile section */
		0329F2141E2383B100D66894 /* SRMNewsTopicButton.m in Sources */ = {isa = PBXBuildFile; fileRef = 0329F2131E2383B100D66894 /* SRMNewsTopicButton.m */; };
		0329F2171E25CD1400D66894 /* SRMNewsView.m in Sources */ = {isa = PBXBuildFile; fileRef = 0329F2161E25CD1400D66894 /* SRMNewsView.m */; };
		0329F21C1E26039F00D66894 /* SRMNewsListViewController.m in Sources */ = {isa = PBXBuildFile; fileRef = 0329F21B1E26039F00D66894 /* SRMNewsListViewController.m */; };
		03DFC9FA1E15FE55003266A0 /* main.m in Sources */ = {isa = PBXBuildFile; fileRef = 03DFC9F91E15FE55003266A0 /* main.m */; };
		03DFC9FD1E15FE55003266A0 /* AppDelegate.m in Sources */ = {isa = PBXBuildFile; fileRef = 03DFC9FC1E15FE55003266A0 /* AppDelegate.m */; };
		03DFCA051E15FE55003266A0 /* Assets.xcassets in Resources */ = {isa = PBXBuildFile; fileRef = 03DFCA041E15FE55003266A0 /* Assets.xcassets */; };
		03DFCA081E15FE55003266A0 /* LaunchScreen.storyboard in Resources */ = {isa = PBXBuildFile; fileRef = 03DFCA061E15FE55003266A0 /* LaunchScreen.storyboard */; };
		03DFCA1C1E1631E2003266A0 /* SRMTabBarController.m in Sources */ = {isa = PBXBuildFile; fileRef = 03DFCA1A1E1631E2003266A0 /* SRMTabBarController.m */; };
		03DFCA1D1E1631E2003266A0 /* Main.storyboard in Resources */ = {isa = PBXBuildFile; fileRef = 03DFCA1B1E1631E2003266A0 /* Main.storyboard */; };
		03DFCA211E163FBC003266A0 /* UIColor+Hex.m in Sources */ = {isa = PBXBuildFile; fileRef = 03DFCA201E163FBC003266A0 /* UIColor+Hex.m */; };
		03DFCA241E164A81003266A0 /* SRMNavigationController.m in Sources */ = {isa = PBXBuildFile; fileRef = 03DFCA231E164A81003266A0 /* SRMNavigationController.m */; };
		03DFCA281E1654DA003266A0 /* SRMNewsViewController.m in Sources */ = {isa = PBXBuildFile; fileRef = 03DFCA271E1654DA003266A0 /* SRMNewsViewController.m */; };
		03DFCA2A1E16691C003266A0 /* news_topic.json in Resources */ = {isa = PBXBuildFile; fileRef = 03DFCA291E16691C003266A0 /* news_topic.json */; };
		40293054D46F5B1B2F46CB65 /* libPods-SRMNews.a in Frameworks */ = {isa = PBXBuildFile; fileRef = 5288DD364E563FF46A24BFF0 /* libPods-SRMNews.a */; };
/* End PBXBuildFile section */

/* Begin PBXFileReference section */
		0329F2121E2383B100D66894 /* SRMNewsTopicButton.h */ = {isa = PBXFileReference; fileEncoding = 4; lastKnownFileType = sourcecode.c.h; path = SRMNewsTopicButton.h; sourceTree = "<group>"; };
		0329F2131E2383B100D66894 /* SRMNewsTopicButton.m */ = {isa = PBXFileReference; fileEncoding = 4; lastKnownFileType = sourcecode.c.objc; path = SRMNewsTopicButton.m; sourceTree = "<group>"; };
		0329F2151E25CD1400D66894 /* SRMNewsView.h */ = {isa = PBXFileReference; fileEncoding = 4; lastKnownFileType = sourcecode.c.h; path = SRMNewsView.h; sourceTree = "<group>"; };
		0329F2161E25CD1400D66894 /* SRMNewsView.m */ = {isa = PBXFileReference; fileEncoding = 4; lastKnownFileType = sourcecode.c.objc; path = SRMNewsView.m; sourceTree = "<group>"; };
		0329F2181E25D09400D66894 /* Reveal.framework */ = {isa = PBXFileReference; lastKnownFileType = wrapper.framework; path = Reveal.framework; sourceTree = "<group>"; };
		0329F21A1E26039F00D66894 /* SRMNewsListViewController.h */ = {isa = PBXFileReference; fileEncoding = 4; lastKnownFileType = sourcecode.c.h; path = SRMNewsListViewController.h; sourceTree = "<group>"; };
		0329F21B1E26039F00D66894 /* SRMNewsListViewController.m */ = {isa = PBXFileReference; fileEncoding = 4; lastKnownFileType = sourcecode.c.objc; path = SRMNewsListViewController.m; sourceTree = "<group>"; };
		03DFC9F51E15FE55003266A0 /* SRMNews.app */ = {isa = PBXFileReference; explicitFileType = wrapper.application; includeInIndex = 0; path = SRMNews.app; sourceTree = BUILT_PRODUCTS_DIR; };
		03DFC9F91E15FE55003266A0 /* main.m */ = {isa = PBXFileReference; lastKnownFileType = sourcecode.c.objc; path = main.m; sourceTree = "<group>"; };
		03DFC9FB1E15FE55003266A0 /* AppDelegate.h */ = {isa = PBXFileReference; lastKnownFileType = sourcecode.c.h; path = AppDelegate.h; sourceTree = "<group>"; };
		03DFC9FC1E15FE55003266A0 /* AppDelegate.m */ = {isa = PBXFileReference; lastKnownFileType = sourcecode.c.objc; path = AppDelegate.m; sourceTree = "<group>"; };
		03DFCA041E15FE55003266A0 /* Assets.xcassets */ = {isa = PBXFileReference; lastKnownFileType = folder.assetcatalog; path = Assets.xcassets; sourceTree = "<group>"; };
		03DFCA071E15FE55003266A0 /* Base */ = {isa = PBXFileReference; lastKnownFileType = file.storyboard; name = Base; path = Base.lproj/LaunchScreen.storyboard; sourceTree = "<group>"; };
		03DFCA091E15FE55003266A0 /* Info.plist */ = {isa = PBXFileReference; lastKnownFileType = text.plist.xml; path = Info.plist; sourceTree = "<group>"; };
		03DFCA191E1631E2003266A0 /* SRMTabBarController.h */ = {isa = PBXFileReference; fileEncoding = 4; lastKnownFileType = sourcecode.c.h; path = SRMTabBarController.h; sourceTree = "<group>"; };
		03DFCA1A1E1631E2003266A0 /* SRMTabBarController.m */ = {isa = PBXFileReference; fileEncoding = 4; lastKnownFileType = sourcecode.c.objc; path = SRMTabBarController.m; sourceTree = "<group>"; };
		03DFCA1B1E1631E2003266A0 /* Main.storyboard */ = {isa = PBXFileReference; fileEncoding = 4; lastKnownFileType = file.storyboard; path = Main.storyboard; sourceTree = "<group>"; };
		03DFCA1F1E163FBC003266A0 /* UIColor+Hex.h */ = {isa = PBXFileReference; fileEncoding = 4; lastKnownFileType = sourcecode.c.h; path = "UIColor+Hex.h"; sourceTree = "<group>"; };
		03DFCA201E163FBC003266A0 /* UIColor+Hex.m */ = {isa = PBXFileReference; fileEncoding = 4; lastKnownFileType = sourcecode.c.objc; path = "UIColor+Hex.m"; sourceTree = "<group>"; };
		03DFCA221E164A81003266A0 /* SRMNavigationController.h */ = {isa = PBXFileReference; fileEncoding = 4; lastKnownFileType = sourcecode.c.h; path = SRMNavigationController.h; sourceTree = "<group>"; };
		03DFCA231E164A81003266A0 /* SRMNavigationController.m */ = {isa = PBXFileReference; fileEncoding = 4; lastKnownFileType = sourcecode.c.objc; path = SRMNavigationController.m; sourceTree = "<group>"; };
		03DFCA261E1654DA003266A0 /* SRMNewsViewController.h */ = {isa = PBXFileReference; fileEncoding = 4; lastKnownFileType = sourcecode.c.h; path = SRMNewsViewController.h; sourceTree = "<group>"; };
		03DFCA271E1654DA003266A0 /* SRMNewsViewController.m */ = {isa = PBXFileReference; fileEncoding = 4; lastKnownFileType = sourcecode.c.objc; path = SRMNewsViewController.m; sourceTree = "<group>"; };
		03DFCA291E16691C003266A0 /* news_topic.json */ = {isa = PBXFileReference; fileEncoding = 4; lastKnownFileType = text.json; path = news_topic.json; sourceTree = "<group>"; };
		1755A94FCC4FEBBF47DBA7E1 /* Pods-SRMNews.debug.xcconfig */ = {isa = PBXFileReference; includeInIndex = 1; lastKnownFileType = text.xcconfig; name = "Pods-SRMNews.debug.xcconfig"; path = "Pods/Target Support Files/Pods-SRMNews/Pods-SRMNews.debug.xcconfig"; sourceTree = "<group>"; };
		5288DD364E563FF46A24BFF0 /* libPods-SRMNews.a */ = {isa = PBXFileReference; explicitFileType = archive.ar; includeInIndex = 0; path = "libPods-SRMNews.a"; sourceTree = BUILT_PRODUCTS_DIR; };
		BAE6E56C80F73DEE6779EB91 /* Pods-SRMNews.release.xcconfig */ = {isa = PBXFileReference; includeInIndex = 1; lastKnownFileType = text.xcconfig; name = "Pods-SRMNews.release.xcconfig"; path = "Pods/Target Support Files/Pods-SRMNews/Pods-SRMNews.release.xcconfig"; sourceTree = "<group>"; };
/* End PBXFileReference section */

/* Begin PBXFrameworksBuildPhase section */
		03DFC9F21E15FE55003266A0 /* Frameworks */ = {
			isa = PBXFrameworksBuildPhase;
			buildActionMask = 2147483647;
			files = (
				40293054D46F5B1B2F46CB65 /* libPods-SRMNews.a in Frameworks */,
			);
			runOnlyForDeploymentPostprocessing = 0;
		};
/* End PBXFrameworksBuildPhase section */

/* Begin PBXGroup section */
		0329F2051E23788700D66894 /* View */ = {
			isa = PBXGroup;
			children = (
				0329F2121E2383B100D66894 /* SRMNewsTopicButton.h */,
				0329F2131E2383B100D66894 /* SRMNewsTopicButton.m */,
				0329F2151E25CD1400D66894 /* SRMNewsView.h */,
				0329F2161E25CD1400D66894 /* SRMNewsView.m */,
			);
			path = View;
			sourceTree = "<group>";
		};
		03DFC9EC1E15FE55003266A0 = {
			isa = PBXGroup;
			children = (
				0329F2181E25D09400D66894 /* Reveal.framework */,
				03DFC9F71E15FE55003266A0 /* SRMNews */,
				03DFC9F61E15FE55003266A0 /* Products */,
				A405392AA26F81FA15E0BCB4 /* Pods */,
				B356A65F1801E55C7CB6E050 /* Frameworks */,
			);
			sourceTree = "<group>";
		};
		03DFC9F61E15FE55003266A0 /* Products */ = {
			isa = PBXGroup;
			children = (
				03DFC9F51E15FE55003266A0 /* SRMNews.app */,
			);
			name = Products;
			sourceTree = "<group>";
		};
		03DFC9F71E15FE55003266A0 /* SRMNews */ = {
			isa = PBXGroup;
			children = (
				03DFCA161E1631E2003266A0 /* Module */,
				03DFCA1E1E163F9E003266A0 /* Category */,
				03DFC9FB1E15FE55003266A0 /* AppDelegate.h */,
				03DFC9FC1E15FE55003266A0 /* AppDelegate.m */,
				03DFCA041E15FE55003266A0 /* Assets.xcassets */,
				03DFCA061E15FE55003266A0 /* LaunchScreen.storyboard */,
				03DFCA091E15FE55003266A0 /* Info.plist */,
				03DFC9F81E15FE55003266A0 /* Supporting Files */,
				03DFCA291E16691C003266A0 /* news_topic.json */,
			);
			path = SRMNews;
			sourceTree = "<group>";
		};
		03DFC9F81E15FE55003266A0 /* Supporting Files */ = {
			isa = PBXGroup;
			children = (
				03DFC9F91E15FE55003266A0 /* main.m */,
			);
			name = "Supporting Files";
			sourceTree = "<group>";
		};
		03DFCA161E1631E2003266A0 /* Module */ = {
			isa = PBXGroup;
			children = (
				03DFCA171E1631E2003266A0 /* Main */,
				03DFCA251E1653FC003266A0 /* News */,
			);
			path = Module;
			sourceTree = "<group>";
		};
		03DFCA171E1631E2003266A0 /* Main */ = {
			isa = PBXGroup;
			children = (
				03DFCA181E1631E2003266A0 /* Controller */,
				03DFCA1B1E1631E2003266A0 /* Main.storyboard */,
			);
			path = Main;
			sourceTree = "<group>";
		};
		03DFCA181E1631E2003266A0 /* Controller */ = {
			isa = PBXGroup;
			children = (
				03DFCA191E1631E2003266A0 /* SRMTabBarController.h */,
				03DFCA1A1E1631E2003266A0 /* SRMTabBarController.m */,
				03DFCA221E164A81003266A0 /* SRMNavigationController.h */,
				03DFCA231E164A81003266A0 /* SRMNavigationController.m */,
			);
			path = Controller;
			sourceTree = "<group>";
		};
		03DFCA1E1E163F9E003266A0 /* Category */ = {
			isa = PBXGroup;
			children = (
				03DFCA1F1E163FBC003266A0 /* UIColor+Hex.h */,
				03DFCA201E163FBC003266A0 /* UIColor+Hex.m */,
			);
			path = Category;
			sourceTree = "<group>";
		};
		03DFCA251E1653FC003266A0 /* News */ = {
			isa = PBXGroup;
			children = (
				0329F2051E23788700D66894 /* View */,
				03DFCA261E1654DA003266A0 /* SRMNewsViewController.h */,
				03DFCA271E1654DA003266A0 /* SRMNewsViewController.m */,
				0329F21A1E26039F00D66894 /* SRMNewsListViewController.h */,
				0329F21B1E26039F00D66894 /* SRMNewsListViewController.m */,
			);
			path = News;
			sourceTree = "<group>";
		};
		A405392AA26F81FA15E0BCB4 /* Pods */ = {
			isa = PBXGroup;
			children = (
				1755A94FCC4FEBBF47DBA7E1 /* Pods-SRMNews.debug.xcconfig */,
				BAE6E56C80F73DEE6779EB91 /* Pods-SRMNews.release.xcconfig */,
			);
			name = Pods;
			sourceTree = "<group>";
		};
		B356A65F1801E55C7CB6E050 /* Frameworks */ = {
			isa = PBXGroup;
			children = (
				5288DD364E563FF46A24BFF0 /* libPods-SRMNews.a */,
			);
			name = Frameworks;
			sourceTree = "<group>";
		};
/* End PBXGroup section */

/* Begin PBXNativeTarget section */
		03DFC9F41E15FE55003266A0 /* SRMNews */ = {
			isa = PBXNativeTarget;
			buildConfigurationList = 03DFCA0C1E15FE55003266A0 /* Build configuration list for PBXNativeTarget "SRMNews" */;
			buildPhases = (
				E4A6B309B699417D0B4540DC /* [CP] Check Pods Manifest.lock */,
				03DFC9F11E15FE55003266A0 /* Sources */,
				03DFC9F21E15FE55003266A0 /* Frameworks */,
				03DFC9F31E15FE55003266A0 /* Resources */,
				468C4699C74B77E9562FF918 /* [CP] Embed Pods Frameworks */,
				4A81D5C680CB46170D17DF81 /* [CP] Copy Pods Resources */,
			);
			buildRules = (
			);
			dependencies = (
			);
			name = SRMNews;
			productName = SRMNews;
			productReference = 03DFC9F51E15FE55003266A0 /* SRMNews.app */;
			productType = "com.apple.product-type.application";
		};
/* End PBXNativeTarget section */

/* Begin PBXProject section */
		03DFC9ED1E15FE55003266A0 /* Project object */ = {
			isa = PBXProject;
			attributes = {
				LastUpgradeCheck = 0820;
				ORGANIZATIONNAME = S.R;
				TargetAttributes = {
					03DFC9F41E15FE55003266A0 = {
						CreatedOnToolsVersion = 8.2.1;
						DevelopmentTeam = C38F6DTM82;
						ProvisioningStyle = Automatic;
					};
				};
			};
			buildConfigurationList = 03DFC9F01E15FE55003266A0 /* Build configuration list for PBXProject "SRMNews" */;
			compatibilityVersion = "Xcode 3.2";
			developmentRegion = English;
			hasScannedForEncodings = 0;
			knownRegions = (
				en,
				Base,
			);
			mainGroup = 03DFC9EC1E15FE55003266A0;
			productRefGroup = 03DFC9F61E15FE55003266A0 /* Products */;
			projectDirPath = "";
			projectRoot = "";
			targets = (
				03DFC9F41E15FE55003266A0 /* SRMNews */,
			);
		};
/* End PBXProject section */

/* Begin PBXResourcesBuildPhase section */
		03DFC9F31E15FE55003266A0 /* Resources */ = {
			isa = PBXResourcesBuildPhase;
			buildActionMask = 2147483647;
			files = (
				03DFCA1D1E1631E2003266A0 /* Main.storyboard in Resources */,
				03DFCA081E15FE55003266A0 /* LaunchScreen.storyboard in Resources */,
				03DFCA2A1E16691C003266A0 /* news_topic.json in Resources */,
				03DFCA051E15FE55003266A0 /* Assets.xcassets in Resources */,
			);
			runOnlyForDeploymentPostprocessing = 0;
		};
/* End PBXResourcesBuildPhase section */

/* Begin PBXShellScriptBuildPhase section */
		468C4699C74B77E9562FF918 /* [CP] Embed Pods Frameworks */ = {
			isa = PBXShellScriptBuildPhase;
			buildActionMask = 2147483647;
			files = (
			);
			inputPaths = (
			);
			name = "[CP] Embed Pods Frameworks";
			outputPaths = (
			);
			runOnlyForDeploymentPostprocessing = 0;
			shellPath = /bin/sh;
			shellScript = "\"${SRCROOT}/Pods/Target Support Files/Pods-SRMNews/Pods-SRMNews-frameworks.sh\"\n";
			showEnvVarsInLog = 0;
		};
		4A81D5C680CB46170D17DF81 /* [CP] Copy Pods Resources */ = {
			isa = PBXShellScriptBuildPhase;
			buildActionMask = 2147483647;
			files = (
			);
			inputPaths = (
			);
			name = "[CP] Copy Pods Resources";
			outputPaths = (
			);
			runOnlyForDeploymentPostprocessing = 0;
			shellPath = /bin/sh;
			shellScript = "\"${SRCROOT}/Pods/Target Support Files/Pods-SRMNews/Pods-SRMNews-resources.sh\"\n";
			showEnvVarsInLog = 0;
		};
		E4A6B309B699417D0B4540DC /* [CP] Check Pods Manifest.lock */ = {
			isa = PBXShellScriptBuildPhase;
			buildActionMask = 2147483647;
			files = (
			);
			inputPaths = (
			);
			name = "[CP] Check Pods Manifest.lock";
			outputPaths = (
			);
			runOnlyForDeploymentPostprocessing = 0;
			shellPath = /bin/sh;
			shellScript = "diff \"${PODS_ROOT}/../Podfile.lock\" \"${PODS_ROOT}/Manifest.lock\" > /dev/null\nif [ $? != 0 ] ; then\n    # print error to STDERR\n    echo \"error: The sandbox is not in sync with the Podfile.lock. Run 'pod install' or update your CocoaPods installation.\" >&2\n    exit 1\nfi\n";
			showEnvVarsInLog = 0;
		};
/* End PBXShellScriptBuildPhase section */

/* Begin PBXSourcesBuildPhase section */
		03DFC9F11E15FE55003266A0 /* Sources */ = {
			isa = PBXSourcesBuildPhase;
			buildActionMask = 2147483647;
			files = (
				03DFCA281E1654DA003266A0 /* SRMNewsViewController.m in Sources */,
				03DFCA1C1E1631E2003266A0 /* SRMTabBarController.m in Sources */,
				0329F2171E25CD1400D66894 /* SRMNewsView.m in Sources */,
				0329F2141E2383B100D66894 /* SRMNewsTopicButton.m in Sources */,
				03DFCA211E163FBC003266A0 /* UIColor+Hex.m in Sources */,
				0329F21C1E26039F00D66894 /* SRMNewsListViewController.m in Sources */,
				03DFCA241E164A81003266A0 /* SRMNavigationController.m in Sources */,
				03DFC9FD1E15FE55003266A0 /* AppDelegate.m in Sources */,
				03DFC9FA1E15FE55003266A0 /* main.m in Sources */,
			);
			runOnlyForDeploymentPostprocessing = 0;
		};
/* End PBXSourcesBuildPhase section */

/* Begin PBXVariantGroup section */
		03DFCA061E15FE55003266A0 /* LaunchScreen.storyboard */ = {
			isa = PBXVariantGroup;
			children = (
				03DFCA071E15FE55003266A0 /* Base */,
			);
			name = LaunchScreen.storyboard;
			sourceTree = "<group>";
		};
/* End PBXVariantGroup section */

/* Begin XCBuildConfiguration section */
		03DFCA0A1E15FE55003266A0 /* Debug */ = {
			isa = XCBuildConfiguration;
			buildSettings = {
				ALWAYS_SEARCH_USER_PATHS = NO;
				CLANG_ANALYZER_NONNULL = YES;
				CLANG_CXX_LANGUAGE_STANDARD = "gnu++0x";
				CLANG_CXX_LIBRARY = "libc++";
				CLANG_ENABLE_MODULES = YES;
				CLANG_ENABLE_OBJC_ARC = YES;
				CLANG_WARN_BOOL_CONVERSION = YES;
				CLANG_WARN_CONSTANT_CONVERSION = YES;
				CLANG_WARN_DIRECT_OBJC_ISA_USAGE = YES_ERROR;
				CLANG_WARN_DOCUMENTATION_COMMENTS = YES;
				CLANG_WARN_EMPTY_BODY = YES;
				CLANG_WARN_ENUM_CONVERSION = YES;
				CLANG_WARN_INFINITE_RECURSION = YES;
				CLANG_WARN_INT_CONVERSION = YES;
				CLANG_WARN_OBJC_ROOT_CLASS = YES_ERROR;
				CLANG_WARN_SUSPICIOUS_MOVE = YES;
				CLANG_WARN_UNREACHABLE_CODE = YES;
				CLANG_WARN__DUPLICATE_METHOD_MATCH = YES;
				"CODE_SIGN_IDENTITY[sdk=iphoneos*]" = "iPhone Developer";
				COPY_PHASE_STRIP = NO;
				DEBUG_INFORMATION_FORMAT = dwarf;
				ENABLE_STRICT_OBJC_MSGSEND = YES;
				ENABLE_TESTABILITY = YES;
				GCC_C_LANGUAGE_STANDARD = gnu99;
				GCC_DYNAMIC_NO_PIC = NO;
				GCC_NO_COMMON_BLOCKS = YES;
				GCC_OPTIMIZATION_LEVEL = 0;
				GCC_PREPROCESSOR_DEFINITIONS = (
					"DEBUG=1",
					"$(inherited)",
				);
				GCC_WARN_64_TO_32_BIT_CONVERSION = YES;
				GCC_WARN_ABOUT_RETURN_TYPE = YES_ERROR;
				GCC_WARN_UNDECLARED_SELECTOR = YES;
				GCC_WARN_UNINITIALIZED_AUTOS = YES_AGGRESSIVE;
				GCC_WARN_UNUSED_FUNCTION = YES;
				GCC_WARN_UNUSED_VARIABLE = YES;
				IPHONEOS_DEPLOYMENT_TARGET = 10.2;
				MTL_ENABLE_DEBUG_INFO = YES;
				ONLY_ACTIVE_ARCH = YES;
				SDKROOT = iphoneos;
			};
			name = Debug;
		};
		03DFCA0B1E15FE55003266A0 /* Release */ = {
			isa = XCBuildConfiguration;
			buildSettings = {
				ALWAYS_SEARCH_USER_PATHS = NO;
				CLANG_ANALYZER_NONNULL = YES;
				CLANG_CXX_LANGUAGE_STANDARD = "gnu++0x";
				CLANG_CXX_LIBRARY = "libc++";
				CLANG_ENABLE_MODULES = YES;
				CLANG_ENABLE_OBJC_ARC = YES;
				CLANG_WARN_BOOL_CONVERSION = YES;
				CLANG_WARN_CONSTANT_CONVERSION = YES;
				CLANG_WARN_DIRECT_OBJC_ISA_USAGE = YES_ERROR;
				CLANG_WARN_DOCUMENTATION_COMMENTS = YES;
				CLANG_WARN_EMPTY_BODY = YES;
				CLANG_WARN_ENUM_CONVERSION = YES;
				CLANG_WARN_INFINITE_RECURSION = YES;
				CLANG_WARN_INT_CONVERSION = YES;
				CLANG_WARN_OBJC_ROOT_CLASS = YES_ERROR;
				CLANG_WARN_SUSPICIOUS_MOVE = YES;
				CLANG_WARN_UNREACHABLE_CODE = YES;
				CLANG_WARN__DUPLICATE_METHOD_MATCH = YES;
				"CODE_SIGN_IDENTITY[sdk=iphoneos*]" = "iPhone Developer";
				COPY_PHASE_STRIP = NO;
				DEBUG_INFORMATION_FORMAT = "dwarf-with-dsym";
				ENABLE_NS_ASSERTIONS = NO;
				ENABLE_STRICT_OBJC_MSGSEND = YES;
				GCC_C_LANGUAGE_STANDARD = gnu99;
				GCC_NO_COMMON_BLOCKS = YES;
				GCC_WARN_64_TO_32_BIT_CONVERSION = YES;
				GCC_WARN_ABOUT_RETURN_TYPE = YES_ERROR;
				GCC_WARN_UNDECLARED_SELECTOR = YES;
				GCC_WARN_UNINITIALIZED_AUTOS = YES_AGGRESSIVE;
				GCC_WARN_UNUSED_FUNCTION = YES;
				GCC_WARN_UNUSED_VARIABLE = YES;
				IPHONEOS_DEPLOYMENT_TARGET = 10.2;
				MTL_ENABLE_DEBUG_INFO = NO;
				SDKROOT = iphoneos;
				VALIDATE_PRODUCT = YES;
			};
			name = Release;
		};
		03DFCA0D1E15FE55003266A0 /* Debug */ = {
			isa = XCBuildConfiguration;
			baseConfigurationReference = 1755A94FCC4FEBBF47DBA7E1 /* Pods-SRMNews.debug.xcconfig */;
			buildSettings = {
				ASSETCATALOG_COMPILER_APPICON_NAME = AppIcon;
				ASSETCATALOG_COMPILER_LAUNCHIMAGE_NAME = LaunchImage;
				DEVELOPMENT_TEAM = C38F6DTM82;
				FRAMEWORK_SEARCH_PATHS = (
					"$(inherited)",
					"$(PROJECT_DIR)",
				);
				INFOPLIST_FILE = SRMNews/Info.plist;
				IPHONEOS_DEPLOYMENT_TARGET = 7.1;
				LD_RUNPATH_SEARCH_PATHS = "$(inherited) @executable_path/Frameworks";
				OTHER_LDFLAGS = (
					"$(inherited)",
					"-ObjC",
					"-l\"Masonry\"",
					"-framework",
					"\"Foundation\"",
					"-framework",
					"\"UIKit\"",
					"-lz",
					"-framework",
					Reveal,
				);
				PRODUCT_BUNDLE_IDENTIFIER = com.sr.SRMNews;
				PRODUCT_NAME = "$(TARGET_NAME)";
			};
			name = Debug;
		};
		03DFCA0E1E15FE55003266A0 /* Release */ = {
			isa = XCBuildConfiguration;
			baseConfigurationReference = BAE6E56C80F73DEE6779EB91 /* Pods-SRMNews.release.xcconfig */;
			buildSettings = {
				ASSETCATALOG_COMPILER_APPICON_NAME = AppIcon;
				ASSETCATALOG_COMPILER_LAUNCHIMAGE_NAME = LaunchImage;
				DEVELOPMENT_TEAM = C38F6DTM82;
				FRAMEWORK_SEARCH_PATHS = (
					"$(inherited)",
					"$(PROJECT_DIR)",
				);
				INFOPLIST_FILE = SRMNews/Info.plist;
				IPHONEOS_DEPLOYMENT_TARGET = 7.1;
				LD_RUNPATH_SEARCH_PATHS = "$(inherited) @executable_path/Frameworks";
				PRODUCT_BUNDLE_IDENTIFIER = com.sr.SRMNews;
				PRODUCT_NAME = "$(TARGET_NAME)";
			};
			name = Release;
		};
/* End XCBuildConfiguration section */

/* Begin XCConfigurationList section */
		03DFC9F01E15FE55003266A0 /* Build configuration list for PBXProject "SRMNews" */ = {
			isa = XCConfigurationList;
			buildConfigurations = (
				03DFCA0A1E15FE55003266A0 /* Debug */,
				03DFCA0B1E15FE55003266A0 /* Release */,
			);
			defaultConfigurationIsVisible = 0;
			defaultConfigurationName = Release;
		};
		03DFCA0C1E15FE55003266A0 /* Build configuration list for PBXNativeTarget "SRMNews" */ = {
			isa = XCConfigurationList;
			buildConfigurations = (
				03DFCA0D1E15FE55003266A0 /* Debug */,
				03DFCA0E1E15FE55003266A0 /* Release */,
			);
			defaultConfigurationIsVisible = 0;
			defaultConfigurationName = Release;
		};
/* End XCConfigurationList section */
	};
	rootObject = 03DFC9ED1E15FE55003266A0 /* Project object */;
}
